
Microsoft Visual Studio Solution File, Format Version 12.00
# Visual Studio 2012
Project("{FAE04EC0-301F-11D3-BF4B-00C04F79EFBC}") = "16CS125_Ball", "16CS125_Ball\16CS125_Ball.csproj", "{5A46D2F1-D980-4B4E-91A3-49883D9EFE0B}"
EndProject
Global
	GlobalSection(SolutionConfigurationPlatforms) = preSolution
		Debug|Any CPU = Debug|Any CPU
		Release|Any CPU = Release|Any CPU
	EndGlobalSection
	GlobalSection(ProjectConfigurationPlatforms) = postSolution
		{5A46D2F1-D980-4B4E-91A3-49883D9EFE0B}.Debug|Any CPU.ActiveCfg = Debug|Any CPU
		{5A46D2F1-D980-4B4E-91A3-49883D9EFE0B}.Debug|Any CPU.Build.0 = Debug|Any CPU
		{5A46D2F1-D980-4B4E-91A3-49883D9EFE0B}.Release|Any CPU.ActiveCfg = Release|Any CPU
		{5A46D2F1-D980-4B4E-91A3-49883D9EFE0B}.Release|Any CPU.Build.0 = Release|Any CPU
	EndGlobalSection
	GlobalSection(SolutionProperties) = preSolution
		HideSolutionNode = FALSE
	EndGlobalSection
EndGlobal
